
Microsoft Visual Studio Solution File, Format Version 12.00
# Visual Studio 15
VisualStudioVersion = 15.0.28307.329
MinimumVisualStudioVersion = 10.0.40219.1
Project("{D2ABAB84-BF74-430A-B69E-9DC6D40DDA17}") = "cubes", "cubes\cubes.dwproj", "{8A9F9E6B-A178-4D63-BEFF-BF87355E844F}"
EndProject
Global
	GlobalSection(SolutionConfigurationPlatforms) = preSolution
		Development|Default = Development|Default
	EndGlobalSection
	GlobalSection(ProjectConfigurationPlatforms) = postSolution
		{8A9F9E6B-A178-4D63-BEFF-BF87355E844F}.Development|Default.ActiveCfg = Development
		{8A9F9E6B-A178-4D63-BEFF-BF87355E844F}.Development|Default.Build.0 = Development
		{8A9F9E6B-A178-4D63-BEFF-BF87355E844F}.Development|Default.Deploy.0 = Development
	EndGlobalSection
	GlobalSection(SolutionProperties) = preSolution
		HideSolutionNode = FALSE
	EndGlobalSection
	GlobalSection(ExtensibilityGlobals) = postSolution
		SolutionGuid = {DDF2127C-3C72-4BBB-B766-BF6421DE7751}
	EndGlobalSection
EndGlobal
